
Microsoft Visual Studio Solution File, Format Version 12.00
# Visual Studio Version 17
VisualStudioVersion = 17.2.32616.157
MinimumVisualStudioVersion = 10.0.40219.1
Project("{9A19103F-16F7-4668-BE54-9A1E7A4F7556}") = "QualityControlAutoCoiler", "QualityControlAutoCoiler\QualityControlAutoCoiler.csproj", "{D233EC77-6AEF-4F08-AA65-D4FC1BF42730}"
EndProject
Project("{9A19103F-16F7-4668-BE54-9A1E7A4F7556}") = "Services", "DALServices\Services.csproj", "{50CE73DB-A95A-4027-A516-05D970054497}"
EndProject
Project("{9A19103F-16F7-4668-BE54-9A1E7A4F7556}") = "Entities", "Entities\Entities.csproj", "{B7452B6C-8B3A-4583-BC22-C71DF04281A8}"
EndProject
Project("{9A19103F-16F7-4668-BE54-9A1E7A4F7556}") = "Logger", "Logger\Logger.csproj", "{516A9431-2EDA-41A4-BD19-4C2D8AEABC30}"
EndProject
Global
	GlobalSection(SolutionConfigurationPlatforms) = preSolution
		Debug|Any CPU = Debug|Any CPU
		Release|Any CPU = Release|Any CPU
	EndGlobalSection
	GlobalSection(ProjectConfigurationPlatforms) = postSolution
		{D233EC77-6AEF-4F08-AA65-D4FC1BF42730}.Debug|Any CPU.ActiveCfg = Debug|Any CPU
		{D233EC77-6AEF-4F08-AA65-D4FC1BF42730}.Debug|Any CPU.Build.0 = Debug|Any CPU
		{D233EC77-6AEF-4F08-AA65-D4FC1BF42730}.Release|Any CPU.ActiveCfg = Release|Any CPU
		{D233EC77-6AEF-4F08-AA65-D4FC1BF42730}.Release|Any CPU.Build.0 = Release|Any CPU
		{50CE73DB-A95A-4027-A516-05D970054497}.Debug|Any CPU.ActiveCfg = Debug|Any CPU
		{50CE73DB-A95A-4027-A516-05D970054497}.Debug|Any CPU.Build.0 = Debug|Any CPU
		{50CE73DB-A95A-4027-A516-05D970054497}.Release|Any CPU.ActiveCfg = Release|Any CPU
		{50CE73DB-A95A-4027-A516-05D970054497}.Release|Any CPU.Build.0 = Release|Any CPU
		{B7452B6C-8B3A-4583-BC22-C71DF04281A8}.Debug|Any CPU.ActiveCfg = Debug|Any CPU
		{B7452B6C-8B3A-4583-BC22-C71DF04281A8}.Debug|Any CPU.Build.0 = Debug|Any CPU
		{B7452B6C-8B3A-4583-BC22-C71DF04281A8}.Release|Any CPU.ActiveCfg = Release|Any CPU
		{B7452B6C-8B3A-4583-BC22-C71DF04281A8}.Release|Any CPU.Build.0 = Release|Any CPU
		{516A9431-2EDA-41A4-BD19-4C2D8AEABC30}.Debug|Any CPU.ActiveCfg = Debug|Any CPU
		{516A9431-2EDA-41A4-BD19-4C2D8AEABC30}.Debug|Any CPU.Build.0 = Debug|Any CPU
		{516A9431-2EDA-41A4-BD19-4C2D8AEABC30}.Release|Any CPU.ActiveCfg = Release|Any CPU
		{516A9431-2EDA-41A4-BD19-4C2D8AEABC30}.Release|Any CPU.Build.0 = Release|Any CPU
	EndGlobalSection
	GlobalSection(SolutionProperties) = preSolution
		HideSolutionNode = FALSE
	EndGlobalSection
	GlobalSection(ExtensibilityGlobals) = postSolution
		SolutionGuid = {3D45D17C-8D10-4F4F-9259-92099AEB3E58}
	EndGlobalSection
EndGlobal
